
Microsoft Visual Studio Solution File, Format Version 12.00
# Visual Studio 2012
Project("{FAE04EC0-301F-11D3-BF4B-00C04F79EFBC}") = "NHail.WebAPI.OData", "NHail.WebAPI.OData\NHail.WebAPI.OData.csproj", "{F1B440AF-7BB5-407B-BA2C-336CA0CC2876}"
EndProject
Project("{FAE04EC0-301F-11D3-BF4B-00C04F79EFBC}") = "NHail.WebAPI.OData.Tests", "NHail.WebAPI.OData.Tests\NHail.WebAPI.OData.Tests.csproj", "{0F2F5077-A9E0-4668-AB66-51E11A4F42FA}"
EndProject
Project("{FAE04EC0-301F-11D3-BF4B-00C04F79EFBC}") = "PocoProject", "Project1\PocoProject.csproj", "{A238746A-E90F-4A8C-B095-20494136C7EE}"
EndProject
Global
	GlobalSection(SolutionConfigurationPlatforms) = preSolution
		Debug|Any CPU = Debug|Any CPU
		Release|Any CPU = Release|Any CPU
	EndGlobalSection
	GlobalSection(ProjectConfigurationPlatforms) = postSolution
		{F1B440AF-7BB5-407B-BA2C-336CA0CC2876}.Debug|Any CPU.ActiveCfg = Debug|Any CPU
		{F1B440AF-7BB5-407B-BA2C-336CA0CC2876}.Debug|Any CPU.Build.0 = Debug|Any CPU
		{F1B440AF-7BB5-407B-BA2C-336CA0CC2876}.Release|Any CPU.ActiveCfg = Release|Any CPU
		{F1B440AF-7BB5-407B-BA2C-336CA0CC2876}.Release|Any CPU.Build.0 = Release|Any CPU
		{0F2F5077-A9E0-4668-AB66-51E11A4F42FA}.Debug|Any CPU.ActiveCfg = Debug|Any CPU
		{0F2F5077-A9E0-4668-AB66-51E11A4F42FA}.Debug|Any CPU.Build.0 = Debug|Any CPU
		{0F2F5077-A9E0-4668-AB66-51E11A4F42FA}.Release|Any CPU.ActiveCfg = Release|Any CPU
		{0F2F5077-A9E0-4668-AB66-51E11A4F42FA}.Release|Any CPU.Build.0 = Release|Any CPU
		{A238746A-E90F-4A8C-B095-20494136C7EE}.Debug|Any CPU.ActiveCfg = Debug|Any CPU
		{A238746A-E90F-4A8C-B095-20494136C7EE}.Debug|Any CPU.Build.0 = Debug|Any CPU
		{A238746A-E90F-4A8C-B095-20494136C7EE}.Release|Any CPU.ActiveCfg = Release|Any CPU
		{A238746A-E90F-4A8C-B095-20494136C7EE}.Release|Any CPU.Build.0 = Release|Any CPU
	EndGlobalSection
	GlobalSection(SolutionProperties) = preSolution
		HideSolutionNode = FALSE
	EndGlobalSection
EndGlobal
